
Microsoft Visual Studio Solution File, Format Version 12.00
# Visual Studio 15
VisualStudioVersion = 15.0.28307.421
MinimumVisualStudioVersion = 10.0.40219.1
Project("{FAE04EC0-301F-11D3-BF4B-00C04F79EFBC}") = "Attendence Management System", "Attendence Management System\Attendence Management System.csproj", "{D0A41EDD-FD59-4896-B67E-0E31CBC8925D}"
EndProject
Global
	GlobalSection(SolutionConfigurationPlatforms) = preSolution
		Debug|Any CPU = Debug|Any CPU
		Release|Any CPU = Release|Any CPU
	EndGlobalSection
	GlobalSection(ProjectConfigurationPlatforms) = postSolution
		{D0A41EDD-FD59-4896-B67E-0E31CBC8925D}.Debug|Any CPU.ActiveCfg = Debug|Any CPU
		{D0A41EDD-FD59-4896-B67E-0E31CBC8925D}.Debug|Any CPU.Build.0 = Debug|Any CPU
		{D0A41EDD-FD59-4896-B67E-0E31CBC8925D}.Release|Any CPU.ActiveCfg = Release|Any CPU
		{D0A41EDD-FD59-4896-B67E-0E31CBC8925D}.Release|Any CPU.Build.0 = Release|Any CPU
	EndGlobalSection
	GlobalSection(SolutionProperties) = preSolution
		HideSolutionNode = FALSE
	EndGlobalSection
	GlobalSection(ExtensibilityGlobals) = postSolution
		SolutionGuid = {2908A8CF-6459-4700-8A14-AFB68C2EAB9B}
	EndGlobalSection
EndGlobal
